
Microsoft Visual Studio Solution File, Format Version 12.00
# Visual Studio Version 16
VisualStudioVersion = 16.0.29926.136
MinimumVisualStudioVersion = 10.0.40219.1
Project("{FAE04EC0-301F-11D3-BF4B-00C04F79EFBC}") = "RecipesAPI", "RecipesAPI\RecipesAPI.csproj", "{C2F38E96-6F9D-43D2-AE4A-15A31E439D09}"
EndProject
Project("{FAE04EC0-301F-11D3-BF4B-00C04F79EFBC}") = "Domain", "Domain\Domain.csproj", "{9573FB02-16A9-4401-9339-C18A00C687AC}"
EndProject
Project("{FAE04EC0-301F-11D3-BF4B-00C04F79EFBC}") = "BusinessLogic", "BusinessLogic\BusinessLogic.csproj", "{799DF1AD-494D-4B27-B081-564D8550967A}"
EndProject
Project("{FAE04EC0-301F-11D3-BF4B-00C04F79EFBC}") = "DataAccess", "DataAccess\DataAccess.csproj", "{5C84FFEE-21A9-4D37-9289-BC6A0870E4C0}"
EndProject
Global
	GlobalSection(SolutionConfigurationPlatforms) = preSolution
		Debug|Any CPU = Debug|Any CPU
		Release|Any CPU = Release|Any CPU
	EndGlobalSection
	GlobalSection(ProjectConfigurationPlatforms) = postSolution
		{C2F38E96-6F9D-43D2-AE4A-15A31E439D09}.Debug|Any CPU.ActiveCfg = Debug|Any CPU
		{C2F38E96-6F9D-43D2-AE4A-15A31E439D09}.Debug|Any CPU.Build.0 = Debug|Any CPU
		{C2F38E96-6F9D-43D2-AE4A-15A31E439D09}.Release|Any CPU.ActiveCfg = Release|Any CPU
		{C2F38E96-6F9D-43D2-AE4A-15A31E439D09}.Release|Any CPU.Build.0 = Release|Any CPU
		{9573FB02-16A9-4401-9339-C18A00C687AC}.Debug|Any CPU.ActiveCfg = Debug|Any CPU
		{9573FB02-16A9-4401-9339-C18A00C687AC}.Debug|Any CPU.Build.0 = Debug|Any CPU
		{9573FB02-16A9-4401-9339-C18A00C687AC}.Release|Any CPU.ActiveCfg = Release|Any CPU
		{9573FB02-16A9-4401-9339-C18A00C687AC}.Release|Any CPU.Build.0 = Release|Any CPU
		{799DF1AD-494D-4B27-B081-564D8550967A}.Debug|Any CPU.ActiveCfg = Debug|Any CPU
		{799DF1AD-494D-4B27-B081-564D8550967A}.Debug|Any CPU.Build.0 = Debug|Any CPU
		{799DF1AD-494D-4B27-B081-564D8550967A}.Release|Any CPU.ActiveCfg = Release|Any CPU
		{799DF1AD-494D-4B27-B081-564D8550967A}.Release|Any CPU.Build.0 = Release|Any CPU
		{5C84FFEE-21A9-4D37-9289-BC6A0870E4C0}.Debug|Any CPU.ActiveCfg = Debug|Any CPU
		{5C84FFEE-21A9-4D37-9289-BC6A0870E4C0}.Debug|Any CPU.Build.0 = Debug|Any CPU
		{5C84FFEE-21A9-4D37-9289-BC6A0870E4C0}.Release|Any CPU.ActiveCfg = Release|Any CPU
		{5C84FFEE-21A9-4D37-9289-BC6A0870E4C0}.Release|Any CPU.Build.0 = Release|Any CPU
	EndGlobalSection
	GlobalSection(SolutionProperties) = preSolution
		HideSolutionNode = FALSE
	EndGlobalSection
	GlobalSection(ExtensibilityGlobals) = postSolution
		SolutionGuid = {8CC9C96C-5693-4E8D-91F0-C0AAF273FD6E}
	EndGlobalSection
EndGlobal
